
Microsoft Visual Studio Solution File, Format Version 12.00
# Visual Studio Version 17
VisualStudioVersion = 17.0.31717.71
MinimumVisualStudioVersion = 10.0.40219.1
Project("{9A19103F-16F7-4668-BE54-9A1E7A4F7556}") = "Netify.Demo", "Netify.Demo\Netify.Demo.csproj", "{B1FCBA83-04EF-4E8F-AEFD-1C44C1F8B46B}"
EndProject
Project("{9A19103F-16F7-4668-BE54-9A1E7A4F7556}") = "Netify.Tests", "Netify.Tests\Netify.Tests.csproj", "{7ABBBD83-1A26-4255-ABEA-ED3C41B3355D}"
EndProject
Project("{9A19103F-16F7-4668-BE54-9A1E7A4F7556}") = "Netify", "Netify\Netify.csproj", "{67FA9189-E3E5-478D-9C7D-DC94BD6CF76B}"
EndProject
Global
	GlobalSection(SolutionConfigurationPlatforms) = preSolution
		Debug|Any CPU = Debug|Any CPU
		Release|Any CPU = Release|Any CPU
	EndGlobalSection
	GlobalSection(ProjectConfigurationPlatforms) = postSolution
		{B1FCBA83-04EF-4E8F-AEFD-1C44C1F8B46B}.Debug|Any CPU.ActiveCfg = Debug|Any CPU
		{B1FCBA83-04EF-4E8F-AEFD-1C44C1F8B46B}.Debug|Any CPU.Build.0 = Debug|Any CPU
		{B1FCBA83-04EF-4E8F-AEFD-1C44C1F8B46B}.Release|Any CPU.ActiveCfg = Release|Any CPU
		{B1FCBA83-04EF-4E8F-AEFD-1C44C1F8B46B}.Release|Any CPU.Build.0 = Release|Any CPU
		{7ABBBD83-1A26-4255-ABEA-ED3C41B3355D}.Debug|Any CPU.ActiveCfg = Debug|Any CPU
		{7ABBBD83-1A26-4255-ABEA-ED3C41B3355D}.Debug|Any CPU.Build.0 = Debug|Any CPU
		{7ABBBD83-1A26-4255-ABEA-ED3C41B3355D}.Release|Any CPU.ActiveCfg = Release|Any CPU
		{7ABBBD83-1A26-4255-ABEA-ED3C41B3355D}.Release|Any CPU.Build.0 = Release|Any CPU
		{67FA9189-E3E5-478D-9C7D-DC94BD6CF76B}.Debug|Any CPU.ActiveCfg = Debug|Any CPU
		{67FA9189-E3E5-478D-9C7D-DC94BD6CF76B}.Debug|Any CPU.Build.0 = Debug|Any CPU
		{67FA9189-E3E5-478D-9C7D-DC94BD6CF76B}.Release|Any CPU.ActiveCfg = Release|Any CPU
		{67FA9189-E3E5-478D-9C7D-DC94BD6CF76B}.Release|Any CPU.Build.0 = Release|Any CPU
	EndGlobalSection
	GlobalSection(SolutionProperties) = preSolution
		HideSolutionNode = FALSE
	EndGlobalSection
	GlobalSection(ExtensibilityGlobals) = postSolution
		SolutionGuid = {62CA1CFB-F924-4B56-A953-B52D6E0DB849}
	EndGlobalSection
EndGlobal
